PODS:
  - KTListViewController (0.1.0):
    - KVOController
    - Masonry
    - MJRefresh
  - KVOController (1.2.0)
  - Masonry (1.1.0)
  - MJRefresh (3.7.5)

DEPENDENCIES:
  - KTListViewController (from `../`)
  - KVOController
  - MJRefresh

SPEC REPOS:
  trunk:
    - KVOController
    - Masonry
    - MJRefresh

EXTERNAL SOURCES:
  KTListViewController:
    :path: "../"

SPEC CHECKSUMS:
  KTListViewController: 578311cb832a245b94e0062303171364a0bd4053
  KVOController: d72ace34afea42468329623b3379ab3cd1d286b6
  Masonry: 678fab65091a9290e40e2832a55e7ab731aad201
  MJRefresh: fdf5e979eb406a0341468932d1dfc8b7f9fce961

PODFILE CHECKSUM: cd2738743e7d748f91c78323ce9ba19c60b2353f

COCOAPODS: 1.10.1
