PODS:
  - KTFoundation/Category (0.1.0):
    - KTFoundation/Macros
  - KTFoundation/Macros (0.1.0)
  - KTListViewController (1.0.0):
    - KTFoundation/Category
    - KTListViewController/TextListView (= 1.0.0)
    - KTUILibrary/Protocol
    - KVOController
    - Masonry
    - MJRefresh
  - KTListViewController/TextListView (1.0.0):
    - KTFoundation/Category
    - KTUILibrary/Protocol
    - KVOController
    - Masonry
    - MJRefresh
  - KTUILibrary/Protocol (1.0.2)
  - KVOController (1.2.0)
  - Masonry (1.1.0)
  - MJRefresh (3.7.5)

DEPENDENCIES:
  - KTListViewController (from `../`)
  - KVOController
  - MJRefresh

SPEC REPOS:
  trunk:
    - KTFoundation
    - KTUILibrary
    - KVOController
    - Masonry
    - MJRefresh

EXTERNAL SOURCES:
  KTListViewController:
    :path: "../"

SPEC CHECKSUMS:
  KTFoundation: 8428d913e636f89554c61e6996935672fb9886a0
  KTListViewController: 933badee5dc21f7f6c2d39d9753723ea600bc96e
  KTUILibrary: 1b4f6f650486842624ef9715bdcb2565d58290eb
  KVOController: d72ace34afea42468329623b3379ab3cd1d286b6
  Masonry: 678fab65091a9290e40e2832a55e7ab731aad201
  MJRefresh: fdf5e979eb406a0341468932d1dfc8b7f9fce961

PODFILE CHECKSUM: cd2738743e7d748f91c78323ce9ba19c60b2353f

COCOAPODS: 1.10.1
